
Microsoft Visual Studio Solution File, Format Version 12.00
# Visual Studio Version 17
VisualStudioVersion = 17.9.34723.18
MinimumVisualStudioVersion = 10.0.40219.1
Project("{F184B08F-C81C-45F6-A57F-5ABD9991F28F}") = "KARAGIANNHS_FINAL_PROJECT", "KARAGIANNHS_FINAL_PROJECT.vbproj", "{9FF3D2E7-945C-4CFC-A9BA-5B74001EDF6D}"
EndProject
Global
	GlobalSection(SolutionConfigurationPlatforms) = preSolution
		Debug|Any CPU = Debug|Any CPU
		Release|Any CPU = Release|Any CPU
	EndGlobalSection
	GlobalSection(ProjectConfigurationPlatforms) = postSolution
		{9FF3D2E7-945C-4CFC-A9BA-5B74001EDF6D}.Debug|Any CPU.ActiveCfg = Debug|Any CPU
		{9FF3D2E7-945C-4CFC-A9BA-5B74001EDF6D}.Debug|Any CPU.Build.0 = Debug|Any CPU
		{9FF3D2E7-945C-4CFC-A9BA-5B74001EDF6D}.Release|Any CPU.ActiveCfg = Release|Any CPU
		{9FF3D2E7-945C-4CFC-A9BA-5B74001EDF6D}.Release|Any CPU.Build.0 = Release|Any CPU
	EndGlobalSection
	GlobalSection(SolutionProperties) = preSolution
		HideSolutionNode = FALSE
	EndGlobalSection
	GlobalSection(ExtensibilityGlobals) = postSolution
		SolutionGuid = {580B1A64-720B-4F4C-AE37-A47708265C5B}
	EndGlobalSection
EndGlobal
